
Microsoft Visual Studio Solution File, Format Version 12.00
# Visual Studio Version 17
VisualStudioVersion = 17.8.34330.188
MinimumVisualStudioVersion = 10.0.40219.1
Project("{FAE04EC0-301F-11D3-BF4B-00C04F79EFBC}") = "WebScrapFromApollo", "WebScrapFromApollo\WebScrapFromApollo.csproj", "{0D3CE6D7-80DE-4E78-874A-2D47164D5CB3}"
EndProject
Global
	GlobalSection(SolutionConfigurationPlatforms) = preSolution
		Debug|Any CPU = Debug|Any CPU
		Release|Any CPU = Release|Any CPU
	EndGlobalSection
	GlobalSection(ProjectConfigurationPlatforms) = postSolution
		{0D3CE6D7-80DE-4E78-874A-2D47164D5CB3}.Debug|Any CPU.ActiveCfg = Debug|Any CPU
		{0D3CE6D7-80DE-4E78-874A-2D47164D5CB3}.Debug|Any CPU.Build.0 = Debug|Any CPU
		{0D3CE6D7-80DE-4E78-874A-2D47164D5CB3}.Release|Any CPU.ActiveCfg = Release|Any CPU
		{0D3CE6D7-80DE-4E78-874A-2D47164D5CB3}.Release|Any CPU.Build.0 = Release|Any CPU
	EndGlobalSection
	GlobalSection(SolutionProperties) = preSolution
		HideSolutionNode = FALSE
	EndGlobalSection
	GlobalSection(ExtensibilityGlobals) = postSolution
		SolutionGuid = {374F9D73-B448-42E9-8143-DE64D06F2B02}
	EndGlobalSection
EndGlobal
